<?xml version="1.0" encoding="utf-8"?>
<Project ToolsVersion="4.0" xmlns="http://schemas.microsoft.com/developer/msbuild/2003">
  <ItemGroup>
    <Filter Include="Orbit">
      <UniqueIdentifier>{05C2D40D-71D6-FCBE-3A58-A01EA62BF9EF}</UniqueIdentifier>
    </Filter>
    <Filter Include="Orbit\Events">
      <UniqueIdentifier>{49566503-35B9-F4A7-DE3E-2D5ECA80C02A}</UniqueIdentifier>
    </Filter>
    <Filter Include="Orbit\Platform">
      <UniqueIdentifier>{F913328E-E5E1-2594-CE75-96BABAE201F9}</UniqueIdentifier>
    </Filter>
    <Filter Include="Orbit\Platform\Windows">
      <UniqueIdentifier>{33A7ACAF-1FA1-D501-080E-6C12F4A63B6E}</UniqueIdentifier>
    </Filter>
  </ItemGroup>
  <ItemGroup>
    <ClInclude Include="src\Orbit.h" />
    <ClInclude Include="src\Orbit\Application.h">
      <Filter>Orbit</Filter>
    </ClInclude>
    <ClInclude Include="src\Orbit\Core.h">
      <Filter>Orbit</Filter>
    </ClInclude>
    <ClInclude Include="src\Orbit\EntryPoint.h">
      <Filter>Orbit</Filter>
    </ClInclude>
    <ClInclude Include="src\Orbit\Events\ApplicationEvent.h">
      <Filter>Orbit\Events</Filter>
    </ClInclude>
    <ClInclude Include="src\Orbit\Events\Event.h">
      <Filter>Orbit\Events</Filter>
    </ClInclude>
    <ClInclude Include="src\Orbit\Events\KeyEvent.h">
      <Filter>Orbit\Events</Filter>
    </ClInclude>
    <ClInclude Include="src\Orbit\Events\MouseEvent.h">
      <Filter>Orbit\Events</Filter>
    </ClInclude>
    <ClInclude Include="src\Orbit\Log.h">
      <Filter>Orbit</Filter>
    </ClInclude>
    <ClInclude Include="src\Orbit\Platform\Windows\WindowsWindow.h">
      <Filter>Orbit\Platform\Windows</Filter>
    </ClInclude>
    <ClInclude Include="src\Orbit\Window.h">
      <Filter>Orbit</Filter>
    </ClInclude>
    <ClInclude Include="src\obpch.h" />
  </ItemGroup>
  <ItemGroup>
    <ClCompile Include="src\Orbit\Application.cpp">
      <Filter>Orbit</Filter>
    </ClCompile>
    <ClCompile Include="src\Orbit\Log.cpp">
      <Filter>Orbit</Filter>
    </ClCompile>
    <ClCompile Include="src\Orbit\Platform\Windows\WindowsWindow.cpp">
      <Filter>Orbit\Platform\Windows</Filter>
    </ClCompile>
    <ClCompile Include="src\obpch.cpp" />
  </ItemGroup>
</Project>