<?xml version="1.0" encoding="utf-8"?>
<Project ToolsVersion="4.0" xmlns="http://schemas.microsoft.com/developer/msbuild/2003">
  <ItemGroup>
    <Filter Include="Orbit">
      <UniqueIdentifier>{05C2D40D-71D6-FCBE-3A58-A01EA62BF9EF}</UniqueIdentifier>
    </Filter>
  </ItemGroup>
  <ItemGroup>
    <ClInclude Include="src\Orbit.h" />
    <ClInclude Include="src\Orbit\Application.h">
      <Filter>Orbit</Filter>
    </ClInclude>
    <ClInclude Include="src\Orbit\Core.h">
      <Filter>Orbit</Filter>
    </ClInclude>
    <ClInclude Include="src\Orbit\EntryPoint.h">
      <Filter>Orbit</Filter>
    </ClInclude>
    <ClInclude Include="src\Orbit\Log.h">
      <Filter>Orbit</Filter>
    </ClInclude>
  </ItemGroup>
  <ItemGroup>
    <ClCompile Include="src\Orbit\Application.cpp">
      <Filter>Orbit</Filter>
    </ClCompile>
    <ClCompile Include="src\Orbit\Log.cpp">
      <Filter>Orbit</Filter>
    </ClCompile>
  </ItemGroup>
</Project>